
Microsoft Visual Studio Solution File, Format Version 12.00
# Visual Studio 15
VisualStudioVersion = 15.0.26124.0
MinimumVisualStudioVersion = 15.0.26124.0
Project("{FAE04EC0-301F-11D3-BF4B-00C04F79EFBC}") = "Expression", "Expression\Expression.csproj", "{A411D253-5CB9-49D8-979D-98A5FAB1F9CA}"
EndProject
Project("{FAE04EC0-301F-11D3-BF4B-00C04F79EFBC}") = "Expression.Tests", "Expression.Tests\Expression.Tests.csproj", "{8635AD22-9DBB-4BEF-B209-199E07482956}"
EndProject
Global
	GlobalSection(SolutionConfigurationPlatforms) = preSolution
		Debug|Any CPU = Debug|Any CPU
		Debug|x64 = Debug|x64
		Debug|x86 = Debug|x86
		Release|Any CPU = Release|Any CPU
		Release|x64 = Release|x64
		Release|x86 = Release|x86
	EndGlobalSection
	GlobalSection(SolutionProperties) = preSolution
		HideSolutionNode = FALSE
	EndGlobalSection
	GlobalSection(ProjectConfigurationPlatforms) = postSolution
		{A411D253-5CB9-49D8-979D-98A5FAB1F9CA}.Debug|Any CPU.ActiveCfg = Debug|Any CPU
		{A411D253-5CB9-49D8-979D-98A5FAB1F9CA}.Debug|Any CPU.Build.0 = Debug|Any CPU
		{A411D253-5CB9-49D8-979D-98A5FAB1F9CA}.Debug|x64.ActiveCfg = Debug|Any CPU
		{A411D253-5CB9-49D8-979D-98A5FAB1F9CA}.Debug|x64.Build.0 = Debug|Any CPU
		{A411D253-5CB9-49D8-979D-98A5FAB1F9CA}.Debug|x86.ActiveCfg = Debug|Any CPU
		{A411D253-5CB9-49D8-979D-98A5FAB1F9CA}.Debug|x86.Build.0 = Debug|Any CPU
		{A411D253-5CB9-49D8-979D-98A5FAB1F9CA}.Release|Any CPU.ActiveCfg = Release|Any CPU
		{A411D253-5CB9-49D8-979D-98A5FAB1F9CA}.Release|Any CPU.Build.0 = Release|Any CPU
		{A411D253-5CB9-49D8-979D-98A5FAB1F9CA}.Release|x64.ActiveCfg = Release|Any CPU
		{A411D253-5CB9-49D8-979D-98A5FAB1F9CA}.Release|x64.Build.0 = Release|Any CPU
		{A411D253-5CB9-49D8-979D-98A5FAB1F9CA}.Release|x86.ActiveCfg = Release|Any CPU
		{A411D253-5CB9-49D8-979D-98A5FAB1F9CA}.Release|x86.Build.0 = Release|Any CPU
		{8635AD22-9DBB-4BEF-B209-199E07482956}.Debug|Any CPU.ActiveCfg = Debug|Any CPU
		{8635AD22-9DBB-4BEF-B209-199E07482956}.Debug|Any CPU.Build.0 = Debug|Any CPU
		{8635AD22-9DBB-4BEF-B209-199E07482956}.Debug|x64.ActiveCfg = Debug|Any CPU
		{8635AD22-9DBB-4BEF-B209-199E07482956}.Debug|x64.Build.0 = Debug|Any CPU
		{8635AD22-9DBB-4BEF-B209-199E07482956}.Debug|x86.ActiveCfg = Debug|Any CPU
		{8635AD22-9DBB-4BEF-B209-199E07482956}.Debug|x86.Build.0 = Debug|Any CPU
		{8635AD22-9DBB-4BEF-B209-199E07482956}.Release|Any CPU.ActiveCfg = Release|Any CPU
		{8635AD22-9DBB-4BEF-B209-199E07482956}.Release|Any CPU.Build.0 = Release|Any CPU
		{8635AD22-9DBB-4BEF-B209-199E07482956}.Release|x64.ActiveCfg = Release|Any CPU
		{8635AD22-9DBB-4BEF-B209-199E07482956}.Release|x64.Build.0 = Release|Any CPU
		{8635AD22-9DBB-4BEF-B209-199E07482956}.Release|x86.ActiveCfg = Release|Any CPU
		{8635AD22-9DBB-4BEF-B209-199E07482956}.Release|x86.Build.0 = Release|Any CPU
	EndGlobalSection
EndGlobal
